
Microsoft Visual Studio Solution File, Format Version 12.00
# Visual Studio 2013
VisualStudioVersion = 12.0.31101.0
MinimumVisualStudioVersion = 10.0.40219.1
Project("{FAE04EC0-301F-11D3-BF4B-00C04F79EFBC}") = "TinyLog", "TinyLog.csproj", "{BEAC3ADD-8564-4F6C-AD71-97A8C2C27FA0}"
EndProject
Project("{FAE04EC0-301F-11D3-BF4B-00C04F79EFBC}") = "Test", "..\Test\Test.csproj", "{2474FE1E-F7F9-4161-937B-488E77D8DB76}"
EndProject
Global
	GlobalSection(SolutionConfigurationPlatforms) = preSolution
		Debug|Any CPU = Debug|Any CPU
		Release|Any CPU = Release|Any CPU
	EndGlobalSection
	GlobalSection(ProjectConfigurationPlatforms) = postSolution
		{BEAC3ADD-8564-4F6C-AD71-97A8C2C27FA0}.Debug|Any CPU.ActiveCfg = Debug|Any CPU
		{BEAC3ADD-8564-4F6C-AD71-97A8C2C27FA0}.Debug|Any CPU.Build.0 = Debug|Any CPU
		{BEAC3ADD-8564-4F6C-AD71-97A8C2C27FA0}.Release|Any CPU.ActiveCfg = Release|Any CPU
		{BEAC3ADD-8564-4F6C-AD71-97A8C2C27FA0}.Release|Any CPU.Build.0 = Release|Any CPU
		{2474FE1E-F7F9-4161-937B-488E77D8DB76}.Debug|Any CPU.ActiveCfg = Debug|Any CPU
		{2474FE1E-F7F9-4161-937B-488E77D8DB76}.Debug|Any CPU.Build.0 = Debug|Any CPU
		{2474FE1E-F7F9-4161-937B-488E77D8DB76}.Release|Any CPU.ActiveCfg = Release|Any CPU
		{2474FE1E-F7F9-4161-937B-488E77D8DB76}.Release|Any CPU.Build.0 = Release|Any CPU
	EndGlobalSection
	GlobalSection(SolutionProperties) = preSolution
		HideSolutionNode = FALSE
	EndGlobalSection
EndGlobal
